<?xml version="1.0" encoding="utf-8"?>
<Project ToolsVersion="4.0" xmlns="http://schemas.microsoft.com/developer/msbuild/2003">
  <ItemGroup>
    <Filter Include="ソース ファイル">
      <UniqueIdentifier>{4FC737F1-C7A5-4376-A066-2A32D752A2FF}</UniqueIdentifier>
      <Extensions>cpp;c;cc;cxx;c++;cppm;ixx;def;odl;idl;hpj;bat;asm;asmx</Extensions>
    </Filter>
    <Filter Include="ヘッダー ファイル">
      <UniqueIdentifier>{93995380-89BD-4b04-88EB-625FBE52EBFB}</UniqueIdentifier>
      <Extensions>h;hh;hpp;hxx;h++;hm;inl;inc;ipp;xsd</Extensions>
    </Filter>
    <Filter Include="リソース ファイル">
      <UniqueIdentifier>{67DA6AB6-F800-4c08-8B7A-83BB121AAD01}</UniqueIdentifier>
      <Extensions>rc;ico;cur;bmp;dlg;rc2;rct;bin;rgs;gif;jpg;jpeg;jpe;resx;tiff;tif;png;wav;mfcribbon-ms</Extensions>
    </Filter>
    <Filter Include="Source">
      <UniqueIdentifier>{62b4b2d9-37a6-40cb-829d-f0c24b2265a9}</UniqueIdentifier>
    </Filter>
    <Filter Include="Source\Scenes">
      <UniqueIdentifier>{9ad7edf3-d689-425f-8e6c-76405c12aa18}</UniqueIdentifier>
    </Filter>
    <Filter Include="Source\Objects">
      <UniqueIdentifier>{a8774585-ea96-4f03-8e70-baaff016d9fe}</UniqueIdentifier>
    </Filter>
    <Filter Include="Source\Components">
      <UniqueIdentifier>{bb02918a-ec96-41dd-9ca4-6a7379ec4729}</UniqueIdentifier>
    </Filter>
  </ItemGroup>
  <ItemGroup>
    <ClCompile Include="..\lib\UrLib.cpp">
      <Filter>ソース ファイル</Filter>
    </ClCompile>
    <ClCompile Include="..\lib\Object.cpp">
      <Filter>ソース ファイル</Filter>
    </ClCompile>
    <ClCompile Include="..\lib\Component.cpp">
      <Filter>ソース ファイル</Filter>
    </ClCompile>
    <ClCompile Include="..\lib\Transform.cpp">
      <Filter>ソース ファイル</Filter>
    </ClCompile>
    <ClCompile Include="..\lib\GameObject.cpp">
      <Filter>ソース ファイル</Filter>
    </ClCompile>
    <ClCompile Include="..\lib\Scene.cpp">
      <Filter>ソース ファイル</Filter>
    </ClCompile>
    <ClCompile Include="..\lib\SceneManager.cpp">
      <Filter>ソース ファイル</Filter>
    </ClCompile>
    <ClCompile Include="..\lib\DrawManager.cpp">
      <Filter>ソース ファイル</Filter>
    </ClCompile>
    <ClCompile Include="..\lib\Image.cpp">
      <Filter>ソース ファイル</Filter>
    </ClCompile>
    <ClCompile Include="..\lib\Renderer.cpp">
      <Filter>ソース ファイル</Filter>
    </ClCompile>
    <ClCompile Include="..\lib\ImageRenderer.cpp">
      <Filter>ソース ファイル</Filter>
    </ClCompile>
    <ClCompile Include="..\lib\Input.cpp">
      <Filter>ソース ファイル</Filter>
    </ClCompile>
    <ClCompile Include="..\lib\typedef.cpp">
      <Filter>ソース ファイル</Filter>
    </ClCompile>
    <ClCompile Include="..\lib\Time.cpp">
      <Filter>ソース ファイル</Filter>
    </ClCompile>
    <ClCompile Include="..\lib\Animator2D.cpp">
      <Filter>ソース ファイル</Filter>
    </ClCompile>
    <ClCompile Include="..\lib\Collider.cpp">
      <Filter>ソース ファイル</Filter>
    </ClCompile>
    <ClCompile Include="..\lib\Sound.cpp">
      <Filter>ソース ファイル</Filter>
    </ClCompile>
    <ClCompile Include="..\lib\SoundListener.cpp">
      <Filter>ソース ファイル</Filter>
    </ClCompile>
    <ClCompile Include="..\lib\Collider2D.cpp">
      <Filter>ソース ファイル</Filter>
    </ClCompile>
    <ClCompile Include="..\lib\CollideManager.cpp">
      <Filter>ソース ファイル</Filter>
    </ClCompile>
    <ClCompile Include="..\lib\Collider3D.cpp">
      <Filter>ソース ファイル</Filter>
    </ClCompile>
    <ClCompile Include="..\lib\CollideManager2D.cpp">
      <Filter>ソース ファイル</Filter>
    </ClCompile>
    <ClCompile Include="..\lib\CircleCollider2D.cpp">
      <Filter>ソース ファイル</Filter>
    </ClCompile>
    <ClCompile Include="..\lib\BoxCollider2D.cpp">
      <Filter>ソース ファイル</Filter>
    </ClCompile>
    <ClCompile Include="..\lib\CollideManager3D.cpp">
      <Filter>ソース ファイル</Filter>
    </ClCompile>
    <ClCompile Include="..\lib\SphereCollider.cpp">
      <Filter>ソース ファイル</Filter>
    </ClCompile>
    <ClCompile Include="..\lib\BoxCollider.cpp">
      <Filter>ソース ファイル</Filter>
    </ClCompile>
    <ClCompile Include="..\lib\MeshRenderer.cpp">
      <Filter>ソース ファイル</Filter>
    </ClCompile>
    <ClCompile Include="..\lib\Bone.cpp">
      <Filter>ソース ファイル</Filter>
    </ClCompile>
    <ClCompile Include="..\lib\Mesh.cpp">
      <Filter>ソース ファイル</Filter>
    </ClCompile>
    <ClCompile Include="..\lib\Material.cpp">
      <Filter>ソース ファイル</Filter>
    </ClCompile>
    <ClCompile Include="..\lib\Texture.cpp">
      <Filter>ソース ファイル</Filter>
    </ClCompile>
    <ClCompile Include="..\lib\DirectionalLight.cpp">
      <Filter>ソース ファイル</Filter>
    </ClCompile>
    <ClCompile Include="..\lib\PointLight.cpp">
      <Filter>ソース ファイル</Filter>
    </ClCompile>
    <ClCompile Include="..\lib\SpotLight.cpp">
      <Filter>ソース ファイル</Filter>
    </ClCompile>
    <ClCompile Include="..\lib\Light.cpp">
      <Filter>ソース ファイル</Filter>
    </ClCompile>
    <ClCompile Include="..\lib\Loader.cpp">
      <Filter>ソース ファイル</Filter>
    </ClCompile>
    <ClCompile Include="..\lib\Saver.cpp">
      <Filter>ソース ファイル</Filter>
    </ClCompile>
    <ClCompile Include="..\lib\Random.cpp">
      <Filter>ソース ファイル</Filter>
    </ClCompile>
    <ClCompile Include="..\lib\Debug.cpp">
      <Filter>ソース ファイル</Filter>
    </ClCompile>
    <ClCompile Include="..\Source\Objects\Player.cpp">
      <Filter>Source\Objects</Filter>
    </ClCompile>
    <ClCompile Include="..\Source\Objects\Enemy.cpp">
      <Filter>Source\Objects</Filter>
    </ClCompile>
    <ClCompile Include="..\Source\Components\Life.cpp">
      <Filter>Source\Components</Filter>
    </ClCompile>
    <ClCompile Include="..\Source\Objects\Character.cpp">
      <Filter>Source\Objects</Filter>
    </ClCompile>
    <ClCompile Include="..\Source\Main.cpp">
      <Filter>ソース ファイル</Filter>
    </ClCompile>
    <ClCompile Include="..\Source\Components\PlayerController.cpp">
      <Filter>Source\Components</Filter>
    </ClCompile>
    <ClCompile Include="..\Source\Components\PlayerMover.cpp">
      <Filter>Source\Components</Filter>
    </ClCompile>
    <ClCompile Include="..\Source\Components\EnemyController.cpp">
      <Filter>Source\Components</Filter>
    </ClCompile>
    <ClCompile Include="..\Source\Components\DirectionMover.cpp">
      <Filter>Source\Components</Filter>
    </ClCompile>
    <ClCompile Include="..\Source\Components\EnemyAttack00.cpp">
      <Filter>Source\Components</Filter>
    </ClCompile>
    <ClCompile Include="..\Source\Objects\Stage.cpp">
      <Filter>Source\Objects</Filter>
    </ClCompile>
    <ClCompile Include="..\Source\Objects\EnemyShot.cpp">
      <Filter>Source\Objects</Filter>
    </ClCompile>
    <ClCompile Include="..\Source\Components\EnemyAttack01.cpp">
      <Filter>Source\Components</Filter>
    </ClCompile>
    <ClCompile Include="..\Source\Objects\ScreenCollider.cpp">
      <Filter>Source\Objects</Filter>
    </ClCompile>
    <ClCompile Include="..\Source\Components\ScreenOut.cpp">
      <Filter>Source\Components</Filter>
    </ClCompile>
    <ClCompile Include="..\Source\Components\PlayerAttack00.cpp">
      <Filter>Source\Components</Filter>
    </ClCompile>
    <ClCompile Include="..\Source\Components\PlayerAttacker.cpp">
      <Filter>Source\Components</Filter>
    </ClCompile>
    <ClCompile Include="..\Source\Components\EnemyImageChanger.cpp">
      <Filter>Source\Components</Filter>
    </ClCompile>
    <ClCompile Include="..\Source\Components\EnemyAttack02.cpp">
      <Filter>Source\Components</Filter>
    </ClCompile>
    <ClCompile Include="..\Source\Components\DamageToPlayer.cpp">
      <Filter>Source\Components</Filter>
    </ClCompile>
    <ClCompile Include="..\Source\Components\CheckDeadObjects.cpp">
      <Filter>Source\Components</Filter>
    </ClCompile>
    <ClCompile Include="..\Source\Objects\SoundManager.cpp">
      <Filter>Source\Objects</Filter>
    </ClCompile>
    <ClCompile Include="..\Source\Components\PlayerAttack01.cpp">
      <Filter>Source\Components</Filter>
    </ClCompile>
    <ClCompile Include="..\Source\Components\PlayerAttack02.cpp">
      <Filter>Source\Components</Filter>
    </ClCompile>
    <ClCompile Include="..\lib\AsyncComponent.cpp">
      <Filter>ソース ファイル</Filter>
    </ClCompile>
    <ClCompile Include="..\Source\Scenes\LoadingScene.cpp">
      <Filter>Source\Scenes</Filter>
    </ClCompile>
    <ClCompile Include="..\Source\Components\Jump.cpp">
      <Filter>Source\Components</Filter>
    </ClCompile>
    <ClCompile Include="..\lib\MapChip.cpp">
      <Filter>ソース ファイル</Filter>
    </ClCompile>
    <ClCompile Include="..\lib\Scroll.cpp">
      <Filter>ソース ファイル</Filter>
    </ClCompile>
    <ClCompile Include="..\lib\SceneOption.cpp">
      <Filter>ソース ファイル</Filter>
    </ClCompile>
    <ClCompile Include="..\lib\PhysicalBehavior.cpp">
      <Filter>ソース ファイル</Filter>
    </ClCompile>
    <ClCompile Include="..\lib\ChipCollider.cpp">
      <Filter>ソース ファイル</Filter>
    </ClCompile>
    <ClCompile Include="..\lib\MapChipManager.cpp">
      <Filter>ソース ファイル</Filter>
    </ClCompile>
    <ClCompile Include="..\Source\Scenes\TestTitleScene.cpp">
      <Filter>Source\Scenes</Filter>
    </ClCompile>
    <ClCompile Include="..\Source\Scenes\TestMainScene.cpp">
      <Filter>Source\Scenes</Filter>
    </ClCompile>
    <ClCompile Include="..\Source\Components\ProjectileMoveMent.cpp">
      <Filter>Source\Components</Filter>
    </ClCompile>
    <ClCompile Include="..\Source\Objects\TestBullet.cpp">
      <Filter>Source\Objects</Filter>
    </ClCompile>
    <ClCompile Include="..\Source\Components\TestPlayerState.cpp">
      <Filter>Source\Components</Filter>
    </ClCompile>
    <ClCompile Include="..\lib\StateManager.cpp">
      <Filter>ソース ファイル</Filter>
    </ClCompile>
    <ClCompile Include="..\lib\StateController.cpp">
      <Filter>ソース ファイル</Filter>
    </ClCompile>
    <ClCompile Include="..\Source\Components\TestPlayerIdle.cpp">
      <Filter>Source\Components</Filter>
    </ClCompile>
    <ClCompile Include="..\Source\Components\TestPlayerAttack.cpp">
      <Filter>Source\Components</Filter>
    </ClCompile>
    <ClCompile Include="..\Source\Components\TestPlayerMove.cpp">
      <Filter>Source\Components</Filter>
    </ClCompile>
  </ItemGroup>
  <ItemGroup>
    <ClInclude Include="..\lib\UrLib.h">
      <Filter>ソース ファイル</Filter>
    </ClInclude>
    <ClInclude Include="..\lib\Object.h">
      <Filter>ソース ファイル</Filter>
    </ClInclude>
    <ClInclude Include="..\lib\Component.h">
      <Filter>ソース ファイル</Filter>
    </ClInclude>
    <ClInclude Include="..\lib\GameObject.h">
      <Filter>ソース ファイル</Filter>
    </ClInclude>
    <ClInclude Include="..\lib\Transform.h">
      <Filter>ソース ファイル</Filter>
    </ClInclude>
    <ClInclude Include="..\lib\Scene.h">
      <Filter>ソース ファイル</Filter>
    </ClInclude>
    <ClInclude Include="..\lib\SceneManager.h">
      <Filter>ソース ファイル</Filter>
    </ClInclude>
    <ClInclude Include="..\lib\Renderer.h">
      <Filter>ソース ファイル</Filter>
    </ClInclude>
    <ClInclude Include="..\lib\DrawManager.h">
      <Filter>ソース ファイル</Filter>
    </ClInclude>
    <ClInclude Include="..\lib\Image.h">
      <Filter>ソース ファイル</Filter>
    </ClInclude>
    <ClInclude Include="..\lib\ImageRenderer.h">
      <Filter>ソース ファイル</Filter>
    </ClInclude>
    <ClInclude Include="..\lib\typedef.h">
      <Filter>ソース ファイル</Filter>
    </ClInclude>
    <ClInclude Include="..\lib\Function.h">
      <Filter>ソース ファイル</Filter>
    </ClInclude>
    <ClInclude Include="..\lib\Input.h">
      <Filter>ソース ファイル</Filter>
    </ClInclude>
    <ClInclude Include="..\lib\Time.h">
      <Filter>ソース ファイル</Filter>
    </ClInclude>
    <ClInclude Include="..\lib\Collider.h">
      <Filter>ソース ファイル</Filter>
    </ClInclude>
    <ClInclude Include="..\lib\Anim2D.h">
      <Filter>ソース ファイル</Filter>
    </ClInclude>
    <ClInclude Include="..\lib\Animator2D.h">
      <Filter>ソース ファイル</Filter>
    </ClInclude>
    <ClInclude Include="..\lib\Sound.h">
      <Filter>ソース ファイル</Filter>
    </ClInclude>
    <ClInclude Include="..\lib\SoundListener.h">
      <Filter>ソース ファイル</Filter>
    </ClInclude>
    <ClInclude Include="..\lib\Collider2D.h">
      <Filter>ソース ファイル</Filter>
    </ClInclude>
    <ClInclude Include="..\lib\CollideManager.h">
      <Filter>ソース ファイル</Filter>
    </ClInclude>
    <ClInclude Include="..\lib\Collider3D.h">
      <Filter>ソース ファイル</Filter>
    </ClInclude>
    <ClInclude Include="..\lib\CollideManager2D.h">
      <Filter>ソース ファイル</Filter>
    </ClInclude>
    <ClInclude Include="..\lib\CollideManager3D.h">
      <Filter>ソース ファイル</Filter>
    </ClInclude>
    <ClInclude Include="..\lib\CircleCollider2D.h">
      <Filter>ソース ファイル</Filter>
    </ClInclude>
    <ClInclude Include="..\lib\BoxCollider2D.h">
      <Filter>ソース ファイル</Filter>
    </ClInclude>
    <ClInclude Include="..\lib\SphereCollider.h">
      <Filter>ソース ファイル</Filter>
    </ClInclude>
    <ClInclude Include="..\lib\BoxCollider.h">
      <Filter>ソース ファイル</Filter>
    </ClInclude>
    <ClInclude Include="..\lib\MeshRenderer.h">
      <Filter>ソース ファイル</Filter>
    </ClInclude>
    <ClInclude Include="..\lib\Material.h">
      <Filter>ソース ファイル</Filter>
    </ClInclude>
    <ClInclude Include="..\lib\Texture.h">
      <Filter>ソース ファイル</Filter>
    </ClInclude>
    <ClInclude Include="..\lib\Bone.h">
      <Filter>ソース ファイル</Filter>
    </ClInclude>
    <ClInclude Include="..\lib\MeshRendererInfo.h">
      <Filter>ソース ファイル</Filter>
    </ClInclude>
    <ClInclude Include="..\lib\Mesh.h">
      <Filter>ソース ファイル</Filter>
    </ClInclude>
    <ClInclude Include="..\lib\Light.h">
      <Filter>ソース ファイル</Filter>
    </ClInclude>
    <ClInclude Include="..\lib\DirectionalLight.h">
      <Filter>ソース ファイル</Filter>
    </ClInclude>
    <ClInclude Include="..\lib\PointLight.h">
      <Filter>ソース ファイル</Filter>
    </ClInclude>
    <ClInclude Include="..\lib\SpotLight.h">
      <Filter>ソース ファイル</Filter>
    </ClInclude>
    <ClInclude Include="..\lib\Loader.h">
      <Filter>ソース ファイル</Filter>
    </ClInclude>
    <ClInclude Include="..\lib\Saver.h">
      <Filter>ソース ファイル</Filter>
    </ClInclude>
    <ClInclude Include="..\lib\Random.h">
      <Filter>ソース ファイル</Filter>
    </ClInclude>
    <ClInclude Include="..\lib\HiddenType.h">
      <Filter>ソース ファイル</Filter>
    </ClInclude>
    <ClInclude Include="..\lib\Debug.h">
      <Filter>ソース ファイル</Filter>
    </ClInclude>
    <ClInclude Include="..\Source\Objects\Player.h">
      <Filter>Source\Objects</Filter>
    </ClInclude>
    <ClInclude Include="..\Source\Objects\Enemy.h">
      <Filter>Source\Objects</Filter>
    </ClInclude>
    <ClInclude Include="..\Source\Objects\Character.h">
      <Filter>Source\Objects</Filter>
    </ClInclude>
    <ClInclude Include="..\Source\Components\Life.h">
      <Filter>Source\Components</Filter>
    </ClInclude>
    <ClInclude Include="..\Source\Components\PlayerController.h">
      <Filter>Source\Components</Filter>
    </ClInclude>
    <ClInclude Include="..\Source\Components\PlayerMover.h">
      <Filter>Source\Components</Filter>
    </ClInclude>
    <ClInclude Include="..\Source\Components\EnemyController.h">
      <Filter>Source\Components</Filter>
    </ClInclude>
    <ClInclude Include="..\Source\Components\DirectionMover.h">
      <Filter>Source\Components</Filter>
    </ClInclude>
    <ClInclude Include="..\Source\Components\EnemyAttack00.h">
      <Filter>Source\Components</Filter>
    </ClInclude>
    <ClInclude Include="..\Source\Components\EnemyAttack01.h">
      <Filter>Source\Components</Filter>
    </ClInclude>
    <ClInclude Include="..\Source\Objects\Stage.h">
      <Filter>Source\Objects</Filter>
    </ClInclude>
    <ClInclude Include="..\Source\Objects\EnemyShot.h">
      <Filter>Source\Objects</Filter>
    </ClInclude>
    <ClInclude Include="..\Source\Objects\ScreenCollider.h">
      <Filter>Source\Objects</Filter>
    </ClInclude>
    <ClInclude Include="..\Source\Components\ScreenOut.h">
      <Filter>Source\Components</Filter>
    </ClInclude>
    <ClInclude Include="..\Source\Components\PlayerAttack00.h">
      <Filter>Source\Components</Filter>
    </ClInclude>
    <ClInclude Include="..\Source\Components\PlayerAttacker.h">
      <Filter>Source\Components</Filter>
    </ClInclude>
    <ClInclude Include="..\Source\Components\EnemyImageChanger.h">
      <Filter>Source\Components</Filter>
    </ClInclude>
    <ClInclude Include="..\Source\Components\EnemyAttack02.h">
      <Filter>Source\Components</Filter>
    </ClInclude>
    <ClInclude Include="..\Source\Components\DamageToPlayer.h">
      <Filter>Source\Components</Filter>
    </ClInclude>
    <ClInclude Include="..\Source\Components\CheckDeadObjects.h">
      <Filter>Source\Components</Filter>
    </ClInclude>
    <ClInclude Include="..\Source\Objects\SoundManager.h">
      <Filter>Source\Objects</Filter>
    </ClInclude>
    <ClInclude Include="..\Source\Components\PlayerAttack01.h">
      <Filter>Source\Components</Filter>
    </ClInclude>
    <ClInclude Include="..\Source\Components\PlayerAttack02.h">
      <Filter>Source\Components</Filter>
    </ClInclude>
    <ClInclude Include="..\lib\AsyncComponent.h">
      <Filter>ソース ファイル</Filter>
    </ClInclude>
    <ClInclude Include="..\lib\Delay.h">
      <Filter>ソース ファイル</Filter>
    </ClInclude>
    <ClInclude Include="..\Source\Scenes\LoadingScene.h">
      <Filter>Source\Scenes</Filter>
    </ClInclude>
    <ClInclude Include="..\Source\Components\Jump.h">
      <Filter>Source\Components</Filter>
    </ClInclude>
    <ClInclude Include="..\lib\Chip.h">
      <Filter>ソース ファイル</Filter>
    </ClInclude>
    <ClInclude Include="..\lib\ChipCollider.h">
      <Filter>ソース ファイル</Filter>
    </ClInclude>
    <ClInclude Include="..\lib\MapChip.h">
      <Filter>ソース ファイル</Filter>
    </ClInclude>
    <ClInclude Include="..\lib\Scroll.h">
      <Filter>ソース ファイル</Filter>
    </ClInclude>
    <ClInclude Include="..\lib\SceneOption.h">
      <Filter>ソース ファイル</Filter>
    </ClInclude>
    <ClInclude Include="..\lib\PhysicalBehavior.h">
      <Filter>ソース ファイル</Filter>
    </ClInclude>
    <ClInclude Include="..\lib\MapChipManager.h">
      <Filter>ソース ファイル</Filter>
    </ClInclude>
    <ClInclude Include="..\Source\Scenes\TestTitleScene.h">
      <Filter>Source\Scenes</Filter>
    </ClInclude>
    <ClInclude Include="..\Source\Scenes\TestMainScene.h">
      <Filter>Source\Scenes</Filter>
    </ClInclude>
    <ClInclude Include="..\Source\Components\ProjectileMoveMent.h">
      <Filter>Source\Components</Filter>
    </ClInclude>
    <ClInclude Include="..\Source\Objects\TestBullet.h">
      <Filter>Source\Objects</Filter>
    </ClInclude>
    <ClInclude Include="..\Source\Components\TestPlayerState.h">
      <Filter>Source\Components</Filter>
    </ClInclude>
    <ClInclude Include="..\lib\StateManager.h">
      <Filter>ソース ファイル</Filter>
    </ClInclude>
    <ClInclude Include="..\lib\StateController.h">
      <Filter>ソース ファイル</Filter>
    </ClInclude>
    <ClInclude Include="..\Source\Components\TestPlayerIdle.h">
      <Filter>Source\Components</Filter>
    </ClInclude>
    <ClInclude Include="..\Source\Components\TestPlayerAttack.h">
      <Filter>Source\Components</Filter>
    </ClInclude>
    <ClInclude Include="..\Source\Components\TestPlayerMove.h">
      <Filter>Source\Components</Filter>
    </ClInclude>
  </ItemGroup>
  <ItemGroup>
    <None Include="..\lib\Scene.h.rej">
      <Filter>ソース ファイル</Filter>
    </None>
  </ItemGroup>
</Project>